
Microsoft Visual Studio Solution File, Format Version 12.00
# Visual Studio Version 17
VisualStudioVersion = 17.2.32602.215
MinimumVisualStudioVersion = 10.0.40219.1
Project("{FAE04EC0-301F-11D3-BF4B-00C04F79EFBC}") = "ApplicationInsights.WebApp", "ApplicationInsights.WebApp\ApplicationInsights.WebApp.csproj", "{C25DA89A-9381-456D-9376-20D9E0D97AF7}"
EndProject
Project("{FAE04EC0-301F-11D3-BF4B-00C04F79EFBC}") = "ApplicationInsights.WebAPI", "ApplicationInsights.WebAPI\ApplicationInsights.WebAPI.csproj", "{C7415F58-EAEE-4F28-B85B-9D66212F50B9}"
EndProject
Project("{FAE04EC0-301F-11D3-BF4B-00C04F79EFBC}") = "ApplicationInsights.Function", "ApplicationInsights.Function\ApplicationInsights.Function.csproj", "{91F7667A-F5EC-49FB-80A5-DE476F2A504F}"
EndProject
Global
	GlobalSection(SolutionConfigurationPlatforms) = preSolution
		Debug|Any CPU = Debug|Any CPU
		Release|Any CPU = Release|Any CPU
	EndGlobalSection
	GlobalSection(ProjectConfigurationPlatforms) = postSolution
		{C25DA89A-9381-456D-9376-20D9E0D97AF7}.Debug|Any CPU.ActiveCfg = Debug|Any CPU
		{C25DA89A-9381-456D-9376-20D9E0D97AF7}.Debug|Any CPU.Build.0 = Debug|Any CPU
		{C25DA89A-9381-456D-9376-20D9E0D97AF7}.Release|Any CPU.ActiveCfg = Release|Any CPU
		{C25DA89A-9381-456D-9376-20D9E0D97AF7}.Release|Any CPU.Build.0 = Release|Any CPU
		{C7415F58-EAEE-4F28-B85B-9D66212F50B9}.Debug|Any CPU.ActiveCfg = Debug|Any CPU
		{C7415F58-EAEE-4F28-B85B-9D66212F50B9}.Debug|Any CPU.Build.0 = Debug|Any CPU
		{C7415F58-EAEE-4F28-B85B-9D66212F50B9}.Release|Any CPU.ActiveCfg = Release|Any CPU
		{C7415F58-EAEE-4F28-B85B-9D66212F50B9}.Release|Any CPU.Build.0 = Release|Any CPU
		{91F7667A-F5EC-49FB-80A5-DE476F2A504F}.Debug|Any CPU.ActiveCfg = Debug|Any CPU
		{91F7667A-F5EC-49FB-80A5-DE476F2A504F}.Debug|Any CPU.Build.0 = Debug|Any CPU
		{91F7667A-F5EC-49FB-80A5-DE476F2A504F}.Release|Any CPU.ActiveCfg = Release|Any CPU
		{91F7667A-F5EC-49FB-80A5-DE476F2A504F}.Release|Any CPU.Build.0 = Release|Any CPU
	EndGlobalSection
	GlobalSection(SolutionProperties) = preSolution
		HideSolutionNode = FALSE
	EndGlobalSection
	GlobalSection(ExtensibilityGlobals) = postSolution
		SolutionGuid = {EB3C5233-345C-40F6-A02A-C7F759B992D3}
	EndGlobalSection
EndGlobal
